{
    "name": "Jarrabawa",
    "version": "1.0.0",
    "lockfileVersion": 1,
    "requires": true,
    "dependencies": {
        "cordova-admob": {
            "version": "git+https://github.com/appfeel/admob-google-cordova.git#ade80dd6dfd1abffe55193c6892e6de5d49562be",
            "from": "git+https://github.com/appfeel/admob-google-cordova.git"
        }
    }
}
